
Microsoft Visual Studio Solution File, Format Version 12.00
# Visual Studio Version 16
VisualStudioVersion = 16.0.29613.14
MinimumVisualStudioVersion = 10.0.40219.1
Project("{FAE04EC0-301F-11D3-BF4B-00C04F79EFBC}") = "TesteAndroid.Android", "TesteAndroid\TesteAndroid.Android\TesteAndroid.Android.csproj", "{EB118A4E-5F51-4F0E-8396-364DBEE46F47}"
EndProject
Project("{FAE04EC0-301F-11D3-BF4B-00C04F79EFBC}") = "TesteAndroid", "TesteAndroid\TesteAndroid\TesteAndroid.csproj", "{71C224DC-4A35-43B1-8AB9-924D89C3EA11}"
EndProject
Global
	GlobalSection(SolutionConfigurationPlatforms) = preSolution
		Debug|Any CPU = Debug|Any CPU
		Release|Any CPU = Release|Any CPU
	EndGlobalSection
	GlobalSection(ProjectConfigurationPlatforms) = postSolution
		{EB118A4E-5F51-4F0E-8396-364DBEE46F47}.Debug|Any CPU.ActiveCfg = Debug|Any CPU
		{EB118A4E-5F51-4F0E-8396-364DBEE46F47}.Debug|Any CPU.Build.0 = Debug|Any CPU
		{EB118A4E-5F51-4F0E-8396-364DBEE46F47}.Debug|Any CPU.Deploy.0 = Debug|Any CPU
		{EB118A4E-5F51-4F0E-8396-364DBEE46F47}.Release|Any CPU.ActiveCfg = Release|Any CPU
		{EB118A4E-5F51-4F0E-8396-364DBEE46F47}.Release|Any CPU.Build.0 = Release|Any CPU
		{EB118A4E-5F51-4F0E-8396-364DBEE46F47}.Release|Any CPU.Deploy.0 = Release|Any CPU
		{71C224DC-4A35-43B1-8AB9-924D89C3EA11}.Debug|Any CPU.ActiveCfg = Debug|Any CPU
		{71C224DC-4A35-43B1-8AB9-924D89C3EA11}.Debug|Any CPU.Build.0 = Debug|Any CPU
		{71C224DC-4A35-43B1-8AB9-924D89C3EA11}.Debug|Any CPU.Deploy.0 = Debug|Any CPU
		{71C224DC-4A35-43B1-8AB9-924D89C3EA11}.Release|Any CPU.ActiveCfg = Release|Any CPU
		{71C224DC-4A35-43B1-8AB9-924D89C3EA11}.Release|Any CPU.Build.0 = Release|Any CPU
		{71C224DC-4A35-43B1-8AB9-924D89C3EA11}.Release|Any CPU.Deploy.0 = Release|Any CPU
	EndGlobalSection
	GlobalSection(SolutionProperties) = preSolution
		HideSolutionNode = FALSE
	EndGlobalSection
	GlobalSection(ExtensibilityGlobals) = postSolution
		SolutionGuid = {AA96E807-6654-4DBA-AD64-80D5ACC8E1ED}
	EndGlobalSection
EndGlobal
